// !$*UTF8*$!
{
	archiveVersion = 1;
	classes = {
	};
	objectVersion = 55;
	objects = {

/* Begin PBXBuildFile section */
		5F29E0D928C1B85300D52D41 /* CheckoutView.swift in Sources */ = {isa = PBXBuildFile; fileRef = 5F29E0D828C1B85300D52D41 /* CheckoutView.swift */; };
		5F29E0DB28C1C37600D52D41 /* Order.swift in Sources */ = {isa = PBXBuildFile; fileRef = 5F29E0DA28C1C37600D52D41 /* Order.swift */; };
		5F29E0DD28C1CD9C00D52D41 /* LoginView.swift in Sources */ = {isa = PBXBuildFile; fileRef = 5F29E0DC28C1CD9B00D52D41 /* LoginView.swift */; };
		5F29E0DF28C1F4ED00D52D41 /* FinishRegistractionView.swift in Sources */ = {isa = PBXBuildFile; fileRef = 5F29E0DE28C1F4ED00D52D41 /* FinishRegistractionView.swift */; };
		5F29E0E128C2161700D52D41 /* FUser.swift in Sources */ = {isa = PBXBuildFile; fileRef = 5F29E0E028C2161700D52D41 /* FUser.swift */; };
		5F461D3728BF57100049AA43 /* Coffe_menuApp.swift in Sources */ = {isa = PBXBuildFile; fileRef = 5F461D3628BF57100049AA43 /* Coffe_menuApp.swift */; };
		5F461D3928BF57100049AA43 /* HomeView.swift in Sources */ = {isa = PBXBuildFile; fileRef = 5F461D3828BF57100049AA43 /* HomeView.swift */; };
		5F461D3B28BF57190049AA43 /* Assets.xcassets in Resources */ = {isa = PBXBuildFile; fileRef = 5F461D3A28BF57190049AA43 /* Assets.xcassets */; };
		5F461D3E28BF57190049AA43 /* Preview Assets.xcassets in Resources */ = {isa = PBXBuildFile; fileRef = 5F461D3D28BF57190049AA43 /* Preview Assets.xcassets */; };
		5F461D4828BF57190049AA43 /* Coffe_menuTests.swift in Sources */ = {isa = PBXBuildFile; fileRef = 5F461D4728BF57190049AA43 /* Coffe_menuTests.swift */; };
		5F461D5228BF57190049AA43 /* Coffe_menuUITests.swift in Sources */ = {isa = PBXBuildFile; fileRef = 5F461D5128BF57190049AA43 /* Coffe_menuUITests.swift */; };
		5F461D5428BF57190049AA43 /* Coffe_menuUITestsLaunchTests.swift in Sources */ = {isa = PBXBuildFile; fileRef = 5F461D5328BF57190049AA43 /* Coffe_menuUITestsLaunchTests.swift */; };
		5F461D6128BF59270049AA43 /* GoogleService-Info.plist in Resources */ = {isa = PBXBuildFile; fileRef = 5F461D6028BF59260049AA43 /* GoogleService-Info.plist */; };
		5F461D6428BF5A840049AA43 /* FirebaseAuth in Frameworks */ = {isa = PBXBuildFile; productRef = 5F461D6328BF5A840049AA43 /* FirebaseAuth */; };
		5F461D6628BF5A840049AA43 /* FirebaseDatabase in Frameworks */ = {isa = PBXBuildFile; productRef = 5F461D6528BF5A840049AA43 /* FirebaseDatabase */; };
		5F461D6828BF5A840049AA43 /* FirebaseDatabaseSwift in Frameworks */ = {isa = PBXBuildFile; productRef = 5F461D6728BF5A840049AA43 /* FirebaseDatabaseSwift */; };
		5F461D6A28BF5A840049AA43 /* FirebaseFirestore in Frameworks */ = {isa = PBXBuildFile; productRef = 5F461D6928BF5A840049AA43 /* FirebaseFirestore */; };
		5F461D6C28BF5A840049AA43 /* FirebaseFirestoreSwift in Frameworks */ = {isa = PBXBuildFile; productRef = 5F461D6B28BF5A840049AA43 /* FirebaseFirestoreSwift */; };
		5F461D6E28BF5A840049AA43 /* FirebaseStorage in Frameworks */ = {isa = PBXBuildFile; productRef = 5F461D6D28BF5A840049AA43 /* FirebaseStorage */; };
		5F461D7028BF5A840049AA43 /* FirebaseStorageCombine-Community in Frameworks */ = {isa = PBXBuildFile; productRef = 5F461D6F28BF5A840049AA43 /* FirebaseStorageCombine-Community */; };
		5FC7447B28BF69F0003831B8 /* Drink.swift in Sources */ = {isa = PBXBuildFile; fileRef = 5FC7447A28BF69F0003831B8 /* Drink.swift */; };
		5FC7447D28BF71C9003831B8 /* FirebaseReference.swift in Sources */ = {isa = PBXBuildFile; fileRef = 5FC7447C28BF71C9003831B8 /* FirebaseReference.swift */; };
		5FC7447F28BF72A0003831B8 /* Constant.swift in Sources */ = {isa = PBXBuildFile; fileRef = 5FC7447E28BF72A0003831B8 /* Constant.swift */; };
		5FC7448328BF8102003831B8 /* DrinkView.swift in Sources */ = {isa = PBXBuildFile; fileRef = 5FC7448228BF8102003831B8 /* DrinkView.swift */; };
		5FC7448528BF834D003831B8 /* DrinkItem.swift in Sources */ = {isa = PBXBuildFile; fileRef = 5FC7448428BF834C003831B8 /* DrinkItem.swift */; };
		5FC7448728C07128003831B8 /* OrderBasket.swift in Sources */ = {isa = PBXBuildFile; fileRef = 5FC7448628C07128003831B8 /* OrderBasket.swift */; };
		5FC7448928C07782003831B8 /* DrinkListener.swift in Sources */ = {isa = PBXBuildFile; fileRef = 5FC7448828C07782003831B8 /* DrinkListener.swift */; };
		5FC7448C28C0848C003831B8 /* BasketListener.swift in Sources */ = {isa = PBXBuildFile; fileRef = 5FC7448B28C0848C003831B8 /* BasketListener.swift */; };
		5FC7448F28C08D2E003831B8 /* OrderBasketView.swift in Sources */ = {isa = PBXBuildFile; fileRef = 5FC7448E28C08D2E003831B8 /* OrderBasketView.swift */; };
		5FC7449228C096BB003831B8 /* Double.swift in Sources */ = {isa = PBXBuildFile; fileRef = 5FC7449128C096BB003831B8 /* Double.swift */; };
		FA83599E28BFFACC00915F5B /* DrinkDetail.swift in Sources */ = {isa = PBXBuildFile; fileRef = FA83599D28BFFACB00915F5B /* DrinkDetail.swift */; };
/* End PBXBuildFile section */

/* Begin PBXContainerItemProxy section */
		5F461D4428BF57190049AA43 /* PBXContainerItemProxy */ = {
			isa = PBXContainerItemProxy;
			containerPortal = 5F461D2B28BF570F0049AA43 /* Project object */;
			proxyType = 1;
			remoteGlobalIDString = 5F461D3228BF570F0049AA43;
			remoteInfo = "Coffe menu";
		};
		5F461D4E28BF57190049AA43 /* PBXContainerItemProxy */ = {
			isa = PBXContainerItemProxy;
			containerPortal = 5F461D2B28BF570F0049AA43 /* Project object */;
			proxyType = 1;
			remoteGlobalIDString = 5F461D3228BF570F0049AA43;
			remoteInfo = "Coffe menu";
		};
/* End PBXContainerItemProxy section */

/* Begin PBXFileReference section */
		5F29E0D828C1B85300D52D41 /* CheckoutView.swift */ = {isa = PBXFileReference; lastKnownFileType = sourcecode.swift; path = CheckoutView.swift; sourceTree = "<group>"; };
		5F29E0DA28C1C37600D52D41 /* Order.swift */ = {isa = PBXFileReference; lastKnownFileType = sourcecode.swift; path = Order.swift; sourceTree = "<group>"; };
		5F29E0DC28C1CD9B00D52D41 /* LoginView.swift */ = {isa = PBXFileReference; lastKnownFileType = sourcecode.swift; path = LoginView.swift; sourceTree = "<group>"; };
		5F29E0DE28C1F4ED00D52D41 /* FinishRegistractionView.swift */ = {isa = PBXFileReference; lastKnownFileType = sourcecode.swift; path = FinishRegistractionView.swift; sourceTree = "<group>"; };
		5F29E0E028C2161700D52D41 /* FUser.swift */ = {isa = PBXFileReference; lastKnownFileType = sourcecode.swift; path = FUser.swift; sourceTree = "<group>"; };
		5F461D3328BF57100049AA43 /* Coffe menu.app */ = {isa = PBXFileReference; explicitFileType = wrapper.application; includeInIndex = 0; path = "Coffe menu.app"; sourceTree = BUILT_PRODUCTS_DIR; };
		5F461D3628BF57100049AA43 /* Coffe_menuApp.swift */ = {isa = PBXFileReference; lastKnownFileType = sourcecode.swift; path = Coffe_menuApp.swift; sourceTree = "<group>"; };
		5F461D3828BF57100049AA43 /* HomeView.swift */ = {isa = PBXFileReference; lastKnownFileType = sourcecode.swift; path = HomeView.swift; sourceTree = "<group>"; };
		5F461D3A28BF57190049AA43 /* Assets.xcassets */ = {isa = PBXFileReference; lastKnownFileType = folder.assetcatalog; path = Assets.xcassets; sourceTree = "<group>"; };
		5F461D3D28BF57190049AA43 /* Preview Assets.xcassets */ = {isa = PBXFileReference; lastKnownFileType = folder.assetcatalog; path = "Preview Assets.xcassets"; sourceTree = "<group>"; };
		5F461D4328BF57190049AA43 /* Coffe menuTests.xctest */ = {isa = PBXFileReference; explicitFileType = wrapper.cfbundle; includeInIndex = 0; path = "Coffe menuTests.xctest"; sourceTree = BUILT_PRODUCTS_DIR; };
		5F461D4728BF57190049AA43 /* Coffe_menuTests.swift */ = {isa = PBXFileReference; lastKnownFileType = sourcecode.swift; path = Coffe_menuTests.swift; sourceTree = "<group>"; };
		5F461D4D28BF57190049AA43 /* Coffe menuUITests.xctest */ = {isa = PBXFileReference; explicitFileType = wrapper.cfbundle; includeInIndex = 0; path = "Coffe menuUITests.xctest"; sourceTree = BUILT_PRODUCTS_DIR; };
		5F461D5128BF57190049AA43 /* Coffe_menuUITests.swift */ = {isa = PBXFileReference; lastKnownFileType = sourcecode.swift; path = Coffe_menuUITests.swift; sourceTree = "<group>"; };
		5F461D5328BF57190049AA43 /* Coffe_menuUITestsLaunchTests.swift */ = {isa = PBXFileReference; lastKnownFileType = sourcecode.swift; path = Coffe_menuUITestsLaunchTests.swift; sourceTree = "<group>"; };
		5F461D6028BF59260049AA43 /* GoogleService-Info.plist */ = {isa = PBXFileReference; fileEncoding = 4; lastKnownFileType = text.plist.xml; path = "GoogleService-Info.plist"; sourceTree = "<group>"; };
		5FC7447A28BF69F0003831B8 /* Drink.swift */ = {isa = PBXFileReference; lastKnownFileType = sourcecode.swift; path = Drink.swift; sourceTree = "<group>"; };
		5FC7447C28BF71C9003831B8 /* FirebaseReference.swift */ = {isa = PBXFileReference; lastKnownFileType = sourcecode.swift; path = FirebaseReference.swift; sourceTree = "<group>"; };
		5FC7447E28BF72A0003831B8 /* Constant.swift */ = {isa = PBXFileReference; lastKnownFileType = sourcecode.swift; path = Constant.swift; sourceTree = "<group>"; };
		5FC7448228BF8102003831B8 /* DrinkView.swift */ = {isa = PBXFileReference; lastKnownFileType = sourcecode.swift; path = DrinkView.swift; sourceTree = "<group>"; };
		5FC7448428BF834C003831B8 /* DrinkItem.swift */ = {isa = PBXFileReference; lastKnownFileType = sourcecode.swift; path = DrinkItem.swift; sourceTree = "<group>"; };
		5FC7448628C07128003831B8 /* OrderBasket.swift */ = {isa = PBXFileReference; lastKnownFileType = sourcecode.swift; path = OrderBasket.swift; sourceTree = "<group>"; };
		5FC7448828C07782003831B8 /* DrinkListener.swift */ = {isa = PBXFileReference; lastKnownFileType = sourcecode.swift; path = DrinkListener.swift; sourceTree = "<group>"; };
		5FC7448B28C0848C003831B8 /* BasketListener.swift */ = {isa = PBXFileReference; lastKnownFileType = sourcecode.swift; path = BasketListener.swift; sourceTree = "<group>"; };
		5FC7448E28C08D2E003831B8 /* OrderBasketView.swift */ = {isa = PBXFileReference; lastKnownFileType = sourcecode.swift; path = OrderBasketView.swift; sourceTree = "<group>"; };
		5FC7449128C096BB003831B8 /* Double.swift */ = {isa = PBXFileReference; lastKnownFileType = sourcecode.swift; path = Double.swift; sourceTree = "<group>"; };
		FA83599D28BFFACB00915F5B /* DrinkDetail.swift */ = {isa = PBXFileReference; lastKnownFileType = sourcecode.swift; path = DrinkDetail.swift; sourceTree = "<group>"; };
/* End PBXFileReference section */

/* Begin PBXFrameworksBuildPhase section */
		5F461D3028BF570F0049AA43 /* Frameworks */ = {
			isa = PBXFrameworksBuildPhase;
			buildActionMask = 2147483647;
			files = (
				5F461D6C28BF5A840049AA43 /* FirebaseFirestoreSwift in Frameworks */,
				5F461D7028BF5A840049AA43 /* FirebaseStorageCombine-Community in Frameworks */,
				5F461D6828BF5A840049AA43 /* FirebaseDatabaseSwift in Frameworks */,
				5F461D6A28BF5A840049AA43 /* FirebaseFirestore in Frameworks */,
				5F461D6628BF5A840049AA43 /* FirebaseDatabase in Frameworks */,
				5F461D6428BF5A840049AA43 /* FirebaseAuth in Frameworks */,
				5F461D6E28BF5A840049AA43 /* FirebaseStorage in Frameworks */,
			);
			runOnlyForDeploymentPostprocessing = 0;
		};
		5F461D4028BF57190049AA43 /* Frameworks */ = {
			isa = PBXFrameworksBuildPhase;
			buildActionMask = 2147483647;
			files = (
			);
			runOnlyForDeploymentPostprocessing = 0;
		};
		5F461D4A28BF57190049AA43 /* Frameworks */ = {
			isa = PBXFrameworksBuildPhase;
			buildActionMask = 2147483647;
			files = (
			);
			runOnlyForDeploymentPostprocessing = 0;
		};
/* End PBXFrameworksBuildPhase section */

/* Begin PBXGroup section */
		5F461D2A28BF570F0049AA43 = {
			isa = PBXGroup;
			children = (
				5F461D3528BF57100049AA43 /* Coffe menu */,
				5F461D4628BF57190049AA43 /* Coffe menuTests */,
				5F461D5028BF57190049AA43 /* Coffe menuUITests */,
				5F461D3428BF57100049AA43 /* Products */,
			);
			sourceTree = "<group>";
		};
		5F461D3428BF57100049AA43 /* Products */ = {
			isa = PBXGroup;
			children = (
				5F461D3328BF57100049AA43 /* Coffe menu.app */,
				5F461D4328BF57190049AA43 /* Coffe menuTests.xctest */,
				5F461D4D28BF57190049AA43 /* Coffe menuUITests.xctest */,
			);
			name = Products;
			sourceTree = "<group>";
		};
		5F461D3528BF57100049AA43 /* Coffe menu */ = {
			isa = PBXGroup;
			children = (
				5FC7449028C096AD003831B8 /* Extensions */,
				5F461D3628BF57100049AA43 /* Coffe_menuApp.swift */,
				5F461D6028BF59260049AA43 /* GoogleService-Info.plist */,
				5F461D3A28BF57190049AA43 /* Assets.xcassets */,
				5F461D3C28BF57190049AA43 /* Preview Content */,
				5FC7448128BF76F1003831B8 /* Model */,
				5FC7448028BF76E4003831B8 /* Helpers */,
				5FC7448D28C08D15003831B8 /* VIews */,
				5FC7448A28C07785003831B8 /* Firebase Listener */,
			);
			path = "Coffe menu";
			sourceTree = "<group>";
		};
		5F461D3C28BF57190049AA43 /* Preview Content */ = {
			isa = PBXGroup;
			children = (
				5F461D3D28BF57190049AA43 /* Preview Assets.xcassets */,
			);
			path = "Preview Content";
			sourceTree = "<group>";
		};
		5F461D4628BF57190049AA43 /* Coffe menuTests */ = {
			isa = PBXGroup;
			children = (
				5F461D4728BF57190049AA43 /* Coffe_menuTests.swift */,
			);
			path = "Coffe menuTests";
			sourceTree = "<group>";
		};
		5F461D5028BF57190049AA43 /* Coffe menuUITests */ = {
			isa = PBXGroup;
			children = (
				5F461D5128BF57190049AA43 /* Coffe_menuUITests.swift */,
				5F461D5328BF57190049AA43 /* Coffe_menuUITestsLaunchTests.swift */,
			);
			path = "Coffe menuUITests";
			sourceTree = "<group>";
		};
		5FC7448028BF76E4003831B8 /* Helpers */ = {
			isa = PBXGroup;
			children = (
				5FC7447C28BF71C9003831B8 /* FirebaseReference.swift */,
				5FC7447E28BF72A0003831B8 /* Constant.swift */,
			);
			path = Helpers;
			sourceTree = "<group>";
		};
		5FC7448128BF76F1003831B8 /* Model */ = {
			isa = PBXGroup;
			children = (
				5FC7447A28BF69F0003831B8 /* Drink.swift */,
				5FC7448628C07128003831B8 /* OrderBasket.swift */,
				5F29E0DA28C1C37600D52D41 /* Order.swift */,
				5F29E0E028C2161700D52D41 /* FUser.swift */,
			);
			path = Model;
			sourceTree = "<group>";
		};
		5FC7448A28C07785003831B8 /* Firebase Listener */ = {
			isa = PBXGroup;
			children = (
				5FC7448828C07782003831B8 /* DrinkListener.swift */,
				5FC7448B28C0848C003831B8 /* BasketListener.swift */,
			);
			path = "Firebase Listener";
			sourceTree = "<group>";
		};
		5FC7448D28C08D15003831B8 /* VIews */ = {
			isa = PBXGroup;
			children = (
				5F461D3828BF57100049AA43 /* HomeView.swift */,
				5FC7448228BF8102003831B8 /* DrinkView.swift */,
				5FC7448428BF834C003831B8 /* DrinkItem.swift */,
				FA83599D28BFFACB00915F5B /* DrinkDetail.swift */,
				5FC7448E28C08D2E003831B8 /* OrderBasketView.swift */,
				5F29E0D828C1B85300D52D41 /* CheckoutView.swift */,
				5F29E0DC28C1CD9B00D52D41 /* LoginView.swift */,
				5F29E0DE28C1F4ED00D52D41 /* FinishRegistractionView.swift */,
			);
			path = VIews;
			sourceTree = "<group>";
		};
		5FC7449028C096AD003831B8 /* Extensions */ = {
			isa = PBXGroup;
			children = (
				5FC7449128C096BB003831B8 /* Double.swift */,
			);
			path = Extensions;
			sourceTree = "<group>";
		};
/* End PBXGroup section */

/* Begin PBXNativeTarget section */
		5F461D3228BF570F0049AA43 /* Coffe menu */ = {
			isa = PBXNativeTarget;
			buildConfigurationList = 5F461D5728BF57190049AA43 /* Build configuration list for PBXNativeTarget "Coffe menu" */;
			buildPhases = (
				5F461D2F28BF570F0049AA43 /* Sources */,
				5F461D3028BF570F0049AA43 /* Frameworks */,
				5F461D3128BF570F0049AA43 /* Resources */,
			);
			buildRules = (
			);
			dependencies = (
			);
			name = "Coffe menu";
			packageProductDependencies = (
				5F461D6328BF5A840049AA43 /* FirebaseAuth */,
				5F461D6528BF5A840049AA43 /* FirebaseDatabase */,
				5F461D6728BF5A840049AA43 /* FirebaseDatabaseSwift */,
				5F461D6928BF5A840049AA43 /* FirebaseFirestore */,
				5F461D6B28BF5A840049AA43 /* FirebaseFirestoreSwift */,
				5F461D6D28BF5A840049AA43 /* FirebaseStorage */,
				5F461D6F28BF5A840049AA43 /* FirebaseStorageCombine-Community */,
			);
			productName = "Coffe menu";
			productReference = 5F461D3328BF57100049AA43 /* Coffe menu.app */;
			productType = "com.apple.product-type.application";
		};
		5F461D4228BF57190049AA43 /* Coffe menuTests */ = {
			isa = PBXNativeTarget;
			buildConfigurationList = 5F461D5A28BF57190049AA43 /* Build configuration list for PBXNativeTarget "Coffe menuTests" */;
			buildPhases = (
				5F461D3F28BF57190049AA43 /* Sources */,
				5F461D4028BF57190049AA43 /* Frameworks */,
				5F461D4128BF57190049AA43 /* Resources */,
			);
			buildRules = (
			);
			dependencies = (
				5F461D4528BF57190049AA43 /* PBXTargetDependency */,
			);
			name = "Coffe menuTests";
			productName = "Coffe menuTests";
			productReference = 5F461D4328BF57190049AA43 /* Coffe menuTests.xctest */;
			productType = "com.apple.product-type.bundle.unit-test";
		};
		5F461D4C28BF57190049AA43 /* Coffe menuUITests */ = {
			isa = PBXNativeTarget;
			buildConfigurationList = 5F461D5D28BF57190049AA43 /* Build configuration list for PBXNativeTarget "Coffe menuUITests" */;
			buildPhases = (
				5F461D4928BF57190049AA43 /* Sources */,
				5F461D4A28BF57190049AA43 /* Frameworks */,
				5F461D4B28BF57190049AA43 /* Resources */,
			);
			buildRules = (
			);
			dependencies = (
				5F461D4F28BF57190049AA43 /* PBXTargetDependency */,
			);
			name = "Coffe menuUITests";
			productName = "Coffe menuUITests";
			productReference = 5F461D4D28BF57190049AA43 /* Coffe menuUITests.xctest */;
			productType = "com.apple.product-type.bundle.ui-testing";
		};
/* End PBXNativeTarget section */

/* Begin PBXProject section */
		5F461D2B28BF570F0049AA43 /* Project object */ = {
			isa = PBXProject;
			attributes = {
				BuildIndependentTargetsInParallel = 1;
				LastSwiftUpdateCheck = 1330;
				LastUpgradeCheck = 1330;
				TargetAttributes = {
					5F461D3228BF570F0049AA43 = {
						CreatedOnToolsVersion = 13.3;
					};
					5F461D4228BF57190049AA43 = {
						CreatedOnToolsVersion = 13.3;
						TestTargetID = 5F461D3228BF570F0049AA43;
					};
					5F461D4C28BF57190049AA43 = {
						CreatedOnToolsVersion = 13.3;
						TestTargetID = 5F461D3228BF570F0049AA43;
					};
				};
			};
			buildConfigurationList = 5F461D2E28BF570F0049AA43 /* Build configuration list for PBXProject "Coffe menu" */;
			compatibilityVersion = "Xcode 13.0";
			developmentRegion = en;
			hasScannedForEncodings = 0;
			knownRegions = (
				en,
				Base,
			);
			mainGroup = 5F461D2A28BF570F0049AA43;
			packageReferences = (
				5F461D6228BF5A840049AA43 /* XCRemoteSwiftPackageReference "firebase-ios-sdk" */,
			);
			productRefGroup = 5F461D3428BF57100049AA43 /* Products */;
			projectDirPath = "";
			projectRoot = "";
			targets = (
				5F461D3228BF570F0049AA43 /* Coffe menu */,
				5F461D4228BF57190049AA43 /* Coffe menuTests */,
				5F461D4C28BF57190049AA43 /* Coffe menuUITests */,
			);
		};
/* End PBXProject section */

/* Begin PBXResourcesBuildPhase section */
		5F461D3128BF570F0049AA43 /* Resources */ = {
			isa = PBXResourcesBuildPhase;
			buildActionMask = 2147483647;
			files = (
				5F461D3E28BF57190049AA43 /* Preview Assets.xcassets in Resources */,
				5F461D3B28BF57190049AA43 /* Assets.xcassets in Resources */,
				5F461D6128BF59270049AA43 /* GoogleService-Info.plist in Resources */,
			);
			runOnlyForDeploymentPostprocessing = 0;
		};
		5F461D4128BF57190049AA43 /* Resources */ = {
			isa = PBXResourcesBuildPhase;
			buildActionMask = 2147483647;
			files = (
			);
			runOnlyForDeploymentPostprocessing = 0;
		};
		5F461D4B28BF57190049AA43 /* Resources */ = {
			isa = PBXResourcesBuildPhase;
			buildActionMask = 2147483647;
			files = (
			);
			runOnlyForDeploymentPostprocessing = 0;
		};
/* End PBXResourcesBuildPhase section */

/* Begin PBXSourcesBuildPhase section */
		5F461D2F28BF570F0049AA43 /* Sources */ = {
			isa = PBXSourcesBuildPhase;
			buildActionMask = 2147483647;
			files = (
				5F461D3928BF57100049AA43 /* HomeView.swift in Sources */,
				5FC7448F28C08D2E003831B8 /* OrderBasketView.swift in Sources */,
				5FC7448528BF834D003831B8 /* DrinkItem.swift in Sources */,
				5FC7448C28C0848C003831B8 /* BasketListener.swift in Sources */,
				5FC7449228C096BB003831B8 /* Double.swift in Sources */,
				FA83599E28BFFACC00915F5B /* DrinkDetail.swift in Sources */,
				5FC7447B28BF69F0003831B8 /* Drink.swift in Sources */,
				5FC7447F28BF72A0003831B8 /* Constant.swift in Sources */,
				5FC7448728C07128003831B8 /* OrderBasket.swift in Sources */,
				5FC7448328BF8102003831B8 /* DrinkView.swift in Sources */,
				5F29E0D928C1B85300D52D41 /* CheckoutView.swift in Sources */,
				5F29E0DF28C1F4ED00D52D41 /* FinishRegistractionView.swift in Sources */,
				5FC7447D28BF71C9003831B8 /* FirebaseReference.swift in Sources */,
				5F29E0DB28C1C37600D52D41 /* Order.swift in Sources */,
				5FC7448928C07782003831B8 /* DrinkListener.swift in Sources */,
				5F29E0E128C2161700D52D41 /* FUser.swift in Sources */,
				5F29E0DD28C1CD9C00D52D41 /* LoginView.swift in Sources */,
				5F461D3728BF57100049AA43 /* Coffe_menuApp.swift in Sources */,
			);
			runOnlyForDeploymentPostprocessing = 0;
		};
		5F461D3F28BF57190049AA43 /* Sources */ = {
			isa = PBXSourcesBuildPhase;
			buildActionMask = 2147483647;
			files = (
				5F461D4828BF57190049AA43 /* Coffe_menuTests.swift in Sources */,
			);
			runOnlyForDeploymentPostprocessing = 0;
		};
		5F461D4928BF57190049AA43 /* Sources */ = {
			isa = PBXSourcesBuildPhase;
			buildActionMask = 2147483647;
			files = (
				5F461D5228BF57190049AA43 /* Coffe_menuUITests.swift in Sources */,
				5F461D5428BF57190049AA43 /* Coffe_menuUITestsLaunchTests.swift in Sources */,
			);
			runOnlyForDeploymentPostprocessing = 0;
		};
/* End PBXSourcesBuildPhase section */

/* Begin PBXTargetDependency section */
		5F461D4528BF57190049AA43 /* PBXTargetDependency */ = {
			isa = PBXTargetDependency;
			target = 5F461D3228BF570F0049AA43 /* Coffe menu */;
			targetProxy = 5F461D4428BF57190049AA43 /* PBXContainerItemProxy */;
		};
		5F461D4F28BF57190049AA43 /* PBXTargetDependency */ = {
			isa = PBXTargetDependency;
			target = 5F461D3228BF570F0049AA43 /* Coffe menu */;
			targetProxy = 5F461D4E28BF57190049AA43 /* PBXContainerItemProxy */;
		};
/* End PBXTargetDependency section */

/* Begin XCBuildConfiguration section */
		5F461D5528BF57190049AA43 /* Debug */ = {
			isa = XCBuildConfiguration;
			buildSettings = {
				ALWAYS_SEARCH_USER_PATHS = NO;
				CLANG_ANALYZER_NONNULL = YES;
				CLANG_ANALYZER_NUMBER_OBJECT_CONVERSION = YES_AGGRESSIVE;
				CLANG_CXX_LANGUAGE_STANDARD = "gnu++17";
				CLANG_ENABLE_MODULES = YES;
				CLANG_ENABLE_OBJC_ARC = YES;
				CLANG_ENABLE_OBJC_WEAK = YES;
				CLANG_WARN_BLOCK_CAPTURE_AUTORELEASING = YES;
				CLANG_WARN_BOOL_CONVERSION = YES;
				CLANG_WARN_COMMA = YES;
				CLANG_WARN_CONSTANT_CONVERSION = YES;
				CLANG_WARN_DEPRECATED_OBJC_IMPLEMENTATIONS = YES;
				CLANG_WARN_DIRECT_OBJC_ISA_USAGE = YES_ERROR;
				CLANG_WARN_DOCUMENTATION_COMMENTS = YES;
				CLANG_WARN_EMPTY_BODY = YES;
				CLANG_WARN_ENUM_CONVERSION = YES;
				CLANG_WARN_INFINITE_RECURSION = YES;
				CLANG_WARN_INT_CONVERSION = YES;
				CLANG_WARN_NON_LITERAL_NULL_CONVERSION = YES;
				CLANG_WARN_OBJC_IMPLICIT_RETAIN_SELF = YES;
				CLANG_WARN_OBJC_LITERAL_CONVERSION = YES;
				CLANG_WARN_OBJC_ROOT_CLASS = YES_ERROR;
				CLANG_WARN_QUOTED_INCLUDE_IN_FRAMEWORK_HEADER = YES;
				CLANG_WARN_RANGE_LOOP_ANALYSIS = YES;
				CLANG_WARN_STRICT_PROTOTYPES = YES;
				CLANG_WARN_SUSPICIOUS_MOVE = YES;
				CLANG_WARN_UNGUARDED_AVAILABILITY = YES_AGGRESSIVE;
				CLANG_WARN_UNREACHABLE_CODE = YES;
				CLANG_WARN__DUPLICATE_METHOD_MATCH = YES;
				COPY_PHASE_STRIP = NO;
				DEBUG_INFORMATION_FORMAT = dwarf;
				ENABLE_STRICT_OBJC_MSGSEND = YES;
				ENABLE_TESTABILITY = YES;
				GCC_C_LANGUAGE_STANDARD = gnu11;
				GCC_DYNAMIC_NO_PIC = NO;
				GCC_NO_COMMON_BLOCKS = YES;
				GCC_OPTIMIZATION_LEVEL = 0;
				GCC_PREPROCESSOR_DEFINITIONS = (
					"DEBUG=1",
					"$(inherited)",
				);
				GCC_WARN_64_TO_32_BIT_CONVERSION = YES;
				GCC_WARN_ABOUT_RETURN_TYPE = YES_ERROR;
				GCC_WARN_UNDECLARED_SELECTOR = YES;
				GCC_WARN_UNINITIALIZED_AUTOS = YES_AGGRESSIVE;
				GCC_WARN_UNUSED_FUNCTION = YES;
				GCC_WARN_UNUSED_VARIABLE = YES;
				IPHONEOS_DEPLOYMENT_TARGET = 15.4;
				MTL_ENABLE_DEBUG_INFO = INCLUDE_SOURCE;
				MTL_FAST_MATH = YES;
				ONLY_ACTIVE_ARCH = YES;
				SDKROOT = iphoneos;
				SWIFT_ACTIVE_COMPILATION_CONDITIONS = DEBUG;
				SWIFT_OPTIMIZATION_LEVEL = "-Onone";
			};
			name = Debug;
		};
		5F461D5628BF57190049AA43 /* Release */ = {
			isa = XCBuildConfiguration;
			buildSettings = {
				ALWAYS_SEARCH_USER_PATHS = NO;
				CLANG_ANALYZER_NONNULL = YES;
				CLANG_ANALYZER_NUMBER_OBJECT_CONVERSION = YES_AGGRESSIVE;
				CLANG_CXX_LANGUAGE_STANDARD = "gnu++17";
				CLANG_ENABLE_MODULES = YES;
				CLANG_ENABLE_OBJC_ARC = YES;
				CLANG_ENABLE_OBJC_WEAK = YES;
				CLANG_WARN_BLOCK_CAPTURE_AUTORELEASING = YES;
				CLANG_WARN_BOOL_CONVERSION = YES;
				CLANG_WARN_COMMA = YES;
				CLANG_WARN_CONSTANT_CONVERSION = YES;
				CLANG_WARN_DEPRECATED_OBJC_IMPLEMENTATIONS = YES;
				CLANG_WARN_DIRECT_OBJC_ISA_USAGE = YES_ERROR;
				CLANG_WARN_DOCUMENTATION_COMMENTS = YES;
				CLANG_WARN_EMPTY_BODY = YES;
				CLANG_WARN_ENUM_CONVERSION = YES;
				CLANG_WARN_INFINITE_RECURSION = YES;
				CLANG_WARN_INT_CONVERSION = YES;
				CLANG_WARN_NON_LITERAL_NULL_CONVERSION = YES;
				CLANG_WARN_OBJC_IMPLICIT_RETAIN_SELF = YES;
				CLANG_WARN_OBJC_LITERAL_CONVERSION = YES;
				CLANG_WARN_OBJC_ROOT_CLASS = YES_ERROR;
				CLANG_WARN_QUOTED_INCLUDE_IN_FRAMEWORK_HEADER = YES;
				CLANG_WARN_RANGE_LOOP_ANALYSIS = YES;
				CLANG_WARN_STRICT_PROTOTYPES = YES;
				CLANG_WARN_SUSPICIOUS_MOVE = YES;
				CLANG_WARN_UNGUARDED_AVAILABILITY = YES_AGGRESSIVE;
				CLANG_WARN_UNREACHABLE_CODE = YES;
				CLANG_WARN__DUPLICATE_METHOD_MATCH = YES;
				COPY_PHASE_STRIP = NO;
				DEBUG_INFORMATION_FORMAT = "dwarf-with-dsym";
				ENABLE_NS_ASSERTIONS = NO;
				ENABLE_STRICT_OBJC_MSGSEND = YES;
				GCC_C_LANGUAGE_STANDARD = gnu11;
				GCC_NO_COMMON_BLOCKS = YES;
				GCC_WARN_64_TO_32_BIT_CONVERSION = YES;
				GCC_WARN_ABOUT_RETURN_TYPE = YES_ERROR;
				GCC_WARN_UNDECLARED_SELECTOR = YES;
				GCC_WARN_UNINITIALIZED_AUTOS = YES_AGGRESSIVE;
				GCC_WARN_UNUSED_FUNCTION = YES;
				GCC_WARN_UNUSED_VARIABLE = YES;
				IPHONEOS_DEPLOYMENT_TARGET = 15.4;
				MTL_ENABLE_DEBUG_INFO = NO;
				MTL_FAST_MATH = YES;
				SDKROOT = iphoneos;
				SWIFT_COMPILATION_MODE = wholemodule;
				SWIFT_OPTIMIZATION_LEVEL = "-O";
				VALIDATE_PRODUCT = YES;
			};
			name = Release;
		};
		5F461D5828BF57190049AA43 /* Debug */ = {
			isa = XCBuildConfiguration;
			buildSettings = {
				ASSETCATALOG_COMPILER_APPICON_NAME = AppIcon;
				ASSETCATALOG_COMPILER_GLOBAL_ACCENT_COLOR_NAME = AccentColor;
				CODE_SIGN_STYLE = Automatic;
				CURRENT_PROJECT_VERSION = 1;
				DEVELOPMENT_ASSET_PATHS = "\"Coffe menu/Preview Content\"";
				ENABLE_PREVIEWS = YES;
				GENERATE_INFOPLIST_FILE = YES;
				INFOPLIST_KEY_UIApplicationSceneManifest_Generation = YES;
				INFOPLIST_KEY_UIApplicationSupportsIndirectInputEvents = YES;
				INFOPLIST_KEY_UILaunchScreen_Generation = YES;
				INFOPLIST_KEY_UISupportedInterfaceOrientations_iPad = "UIInterfaceOrientationPortrait UIInterfaceOrientationPortraitUpsideDown UIInterfaceOrientationLandscapeLeft UIInterfaceOrientationLandscapeRight";
				INFOPLIST_KEY_UISupportedInterfaceOrientations_iPhone = "UIInterfaceOrientationPortrait UIInterfaceOrientationLandscapeLeft UIInterfaceOrientationLandscapeRight";
				IPHONEOS_DEPLOYMENT_TARGET = 14.0;
				LD_RUNPATH_SEARCH_PATHS = (
					"$(inherited)",
					"@executable_path/Frameworks",
				);
				MARKETING_VERSION = 1.0;
				PRODUCT_BUNDLE_IDENTIFIER = "com.volutiontech.coffeemenuClient.Coffe-menu";
				PRODUCT_NAME = "$(TARGET_NAME)";
				SWIFT_EMIT_LOC_STRINGS = YES;
				SWIFT_VERSION = 5.0;
				TARGETED_DEVICE_FAMILY = "1,2";
			};
			name = Debug;
		};
		5F461D5928BF57190049AA43 /* Release */ = {
			isa = XCBuildConfiguration;
			buildSettings = {
				ASSETCATALOG_COMPILER_APPICON_NAME = AppIcon;
				ASSETCATALOG_COMPILER_GLOBAL_ACCENT_COLOR_NAME = AccentColor;
				CODE_SIGN_STYLE = Automatic;
				CURRENT_PROJECT_VERSION = 1;
				DEVELOPMENT_ASSET_PATHS = "\"Coffe menu/Preview Content\"";
				ENABLE_PREVIEWS = YES;
				GENERATE_INFOPLIST_FILE = YES;
				INFOPLIST_KEY_UIApplicationSceneManifest_Generation = YES;
				INFOPLIST_KEY_UIApplicationSupportsIndirectInputEvents = YES;
				INFOPLIST_KEY_UILaunchScreen_Generation = YES;
				INFOPLIST_KEY_UISupportedInterfaceOrientations_iPad = "UIInterfaceOrientationPortrait UIInterfaceOrientationPortraitUpsideDown UIInterfaceOrientationLandscapeLeft UIInterfaceOrientationLandscapeRight";
				INFOPLIST_KEY_UISupportedInterfaceOrientations_iPhone = "UIInterfaceOrientationPortrait UIInterfaceOrientationLandscapeLeft UIInterfaceOrientationLandscapeRight";
				IPHONEOS_DEPLOYMENT_TARGET = 14.0;
				LD_RUNPATH_SEARCH_PATHS = (
					"$(inherited)",
					"@executable_path/Frameworks",
				);
				MARKETING_VERSION = 1.0;
				PRODUCT_BUNDLE_IDENTIFIER = "com.volutiontech.coffeemenuClient.Coffe-menu";
				PRODUCT_NAME = "$(TARGET_NAME)";
				SWIFT_EMIT_LOC_STRINGS = YES;
				SWIFT_VERSION = 5.0;
				TARGETED_DEVICE_FAMILY = "1,2";
			};
			name = Release;
		};
		5F461D5B28BF57190049AA43 /* Debug */ = {
			isa = XCBuildConfiguration;
			buildSettings = {
				ALWAYS_EMBED_SWIFT_STANDARD_LIBRARIES = YES;
				BUNDLE_LOADER = "$(TEST_HOST)";
				CODE_SIGN_STYLE = Automatic;
				CURRENT_PROJECT_VERSION = 1;
				GENERATE_INFOPLIST_FILE = YES;
				IPHONEOS_DEPLOYMENT_TARGET = 15.4;
				MARKETING_VERSION = 1.0;
				PRODUCT_BUNDLE_IDENTIFIER = "com.volutiontech.coffeemenuClient.Coffe-menuTests";
				PRODUCT_NAME = "$(TARGET_NAME)";
				SWIFT_EMIT_LOC_STRINGS = NO;
				SWIFT_VERSION = 5.0;
				TARGETED_DEVICE_FAMILY = "1,2";
				TEST_HOST = "$(BUILT_PRODUCTS_DIR)/Coffe menu.app/Coffe menu";
			};
			name = Debug;
		};
		5F461D5C28BF57190049AA43 /* Release */ = {
			isa = XCBuildConfiguration;
			buildSettings = {
				ALWAYS_EMBED_SWIFT_STANDARD_LIBRARIES = YES;
				BUNDLE_LOADER = "$(TEST_HOST)";
				CODE_SIGN_STYLE = Automatic;
				CURRENT_PROJECT_VERSION = 1;
				GENERATE_INFOPLIST_FILE = YES;
				IPHONEOS_DEPLOYMENT_TARGET = 15.4;
				MARKETING_VERSION = 1.0;
				PRODUCT_BUNDLE_IDENTIFIER = "com.volutiontech.coffeemenuClient.Coffe-menuTests";
				PRODUCT_NAME = "$(TARGET_NAME)";
				SWIFT_EMIT_LOC_STRINGS = NO;
				SWIFT_VERSION = 5.0;
				TARGETED_DEVICE_FAMILY = "1,2";
				TEST_HOST = "$(BUILT_PRODUCTS_DIR)/Coffe menu.app/Coffe menu";
			};
			name = Release;
		};
		5F461D5E28BF57190049AA43 /* Debug */ = {
			isa = XCBuildConfiguration;
			buildSettings = {
				ALWAYS_EMBED_SWIFT_STANDARD_LIBRARIES = YES;
				CODE_SIGN_STYLE = Automatic;
				CURRENT_PROJECT_VERSION = 1;
				GENERATE_INFOPLIST_FILE = YES;
				MARKETING_VERSION = 1.0;
				PRODUCT_BUNDLE_IDENTIFIER = "com.volutiontech.coffeemenuClient.Coffe-menuUITests";
				PRODUCT_NAME = "$(TARGET_NAME)";
				SWIFT_EMIT_LOC_STRINGS = NO;
				SWIFT_VERSION = 5.0;
				TARGETED_DEVICE_FAMILY = "1,2";
				TEST_TARGET_NAME = "Coffe menu";
			};
			name = Debug;
		};
		5F461D5F28BF57190049AA43 /* Release */ = {
			isa = XCBuildConfiguration;
			buildSettings = {
				ALWAYS_EMBED_SWIFT_STANDARD_LIBRARIES = YES;
				CODE_SIGN_STYLE = Automatic;
				CURRENT_PROJECT_VERSION = 1;
				GENERATE_INFOPLIST_FILE = YES;
				MARKETING_VERSION = 1.0;
				PRODUCT_BUNDLE_IDENTIFIER = "com.volutiontech.coffeemenuClient.Coffe-menuUITests";
				PRODUCT_NAME = "$(TARGET_NAME)";
				SWIFT_EMIT_LOC_STRINGS = NO;
				SWIFT_VERSION = 5.0;
				TARGETED_DEVICE_FAMILY = "1,2";
				TEST_TARGET_NAME = "Coffe menu";
			};
			name = Release;
		};
/* End XCBuildConfiguration section */

/* Begin XCConfigurationList section */
		5F461D2E28BF570F0049AA43 /* Build configuration list for PBXProject "Coffe menu" */ = {
			isa = XCConfigurationList;
			buildConfigurations = (
				5F461D5528BF57190049AA43 /* Debug */,
				5F461D5628BF57190049AA43 /* Release */,
			);
			defaultConfigurationIsVisible = 0;
			defaultConfigurationName = Release;
		};
		5F461D5728BF57190049AA43 /* Build configuration list for PBXNativeTarget "Coffe menu" */ = {
			isa = XCConfigurationList;
			buildConfigurations = (
				5F461D5828BF57190049AA43 /* Debug */,
				5F461D5928BF57190049AA43 /* Release */,
			);
			defaultConfigurationIsVisible = 0;
			defaultConfigurationName = Release;
		};
		5F461D5A28BF57190049AA43 /* Build configuration list for PBXNativeTarget "Coffe menuTests" */ = {
			isa = XCConfigurationList;
			buildConfigurations = (
				5F461D5B28BF57190049AA43 /* Debug */,
				5F461D5C28BF57190049AA43 /* Release */,
			);
			defaultConfigurationIsVisible = 0;
			defaultConfigurationName = Release;
		};
		5F461D5D28BF57190049AA43 /* Build configuration list for PBXNativeTarget "Coffe menuUITests" */ = {
			isa = XCConfigurationList;
			buildConfigurations = (
				5F461D5E28BF57190049AA43 /* Debug */,
				5F461D5F28BF57190049AA43 /* Release */,
			);
			defaultConfigurationIsVisible = 0;
			defaultConfigurationName = Release;
		};
/* End XCConfigurationList section */

/* Begin XCRemoteSwiftPackageReference section */
		5F461D6228BF5A840049AA43 /* XCRemoteSwiftPackageReference "firebase-ios-sdk" */ = {
			isa = XCRemoteSwiftPackageReference;
			repositoryURL = "https://github.com/firebase/firebase-ios-sdk";
			requirement = {
				branch = master;
				kind = branch;
			};
		};
/* End XCRemoteSwiftPackageReference section */

/* Begin XCSwiftPackageProductDependency section */
		5F461D6328BF5A840049AA43 /* FirebaseAuth */ = {
			isa = XCSwiftPackageProductDependency;
			package = 5F461D6228BF5A840049AA43 /* XCRemoteSwiftPackageReference "firebase-ios-sdk" */;
			productName = FirebaseAuth;
		};
		5F461D6528BF5A840049AA43 /* FirebaseDatabase */ = {
			isa = XCSwiftPackageProductDependency;
			package = 5F461D6228BF5A840049AA43 /* XCRemoteSwiftPackageReference "firebase-ios-sdk" */;
			productName = FirebaseDatabase;
		};
		5F461D6728BF5A840049AA43 /* FirebaseDatabaseSwift */ = {
			isa = XCSwiftPackageProductDependency;
			package = 5F461D6228BF5A840049AA43 /* XCRemoteSwiftPackageReference "firebase-ios-sdk" */;
			productName = FirebaseDatabaseSwift;
		};
		5F461D6928BF5A840049AA43 /* FirebaseFirestore */ = {
			isa = XCSwiftPackageProductDependency;
			package = 5F461D6228BF5A840049AA43 /* XCRemoteSwiftPackageReference "firebase-ios-sdk" */;
			productName = FirebaseFirestore;
		};
		5F461D6B28BF5A840049AA43 /* FirebaseFirestoreSwift */ = {
			isa = XCSwiftPackageProductDependency;
			package = 5F461D6228BF5A840049AA43 /* XCRemoteSwiftPackageReference "firebase-ios-sdk" */;
			productName = FirebaseFirestoreSwift;
		};
		5F461D6D28BF5A840049AA43 /* FirebaseStorage */ = {
			isa = XCSwiftPackageProductDependency;
			package = 5F461D6228BF5A840049AA43 /* XCRemoteSwiftPackageReference "firebase-ios-sdk" */;
			productName = FirebaseStorage;
		};
		5F461D6F28BF5A840049AA43 /* FirebaseStorageCombine-Community */ = {
			isa = XCSwiftPackageProductDependency;
			package = 5F461D6228BF5A840049AA43 /* XCRemoteSwiftPackageReference "firebase-ios-sdk" */;
			productName = "FirebaseStorageCombine-Community";
		};
/* End XCSwiftPackageProductDependency section */
	};
	rootObject = 5F461D2B28BF570F0049AA43 /* Project object */;
}
